
Microsoft Visual Studio Solution File, Format Version 12.00
# Visual Studio 15
VisualStudioVersion = 15.0.28010.2003
MinimumVisualStudioVersion = 10.0.40219.1
Project("{FAE04EC0-301F-11D3-BF4B-00C04F79EFBC}") = "ConsoleProject", "ConsoleProject\ConsoleProject.csproj", "{901A85A6-7F27-49E3-856E-9AF1A817AD9B}"
EndProject
Global
	GlobalSection(SolutionConfigurationPlatforms) = preSolution
		Debug|Any CPU = Debug|Any CPU
		Release|Any CPU = Release|Any CPU
	EndGlobalSection
	GlobalSection(ProjectConfigurationPlatforms) = postSolution
		{901A85A6-7F27-49E3-856E-9AF1A817AD9B}.Debug|Any CPU.ActiveCfg = Debug|Any CPU
		{901A85A6-7F27-49E3-856E-9AF1A817AD9B}.Debug|Any CPU.Build.0 = Debug|Any CPU
		{901A85A6-7F27-49E3-856E-9AF1A817AD9B}.Release|Any CPU.ActiveCfg = Release|Any CPU
		{901A85A6-7F27-49E3-856E-9AF1A817AD9B}.Release|Any CPU.Build.0 = Release|Any CPU
	EndGlobalSection
	GlobalSection(SolutionProperties) = preSolution
		HideSolutionNode = FALSE
	EndGlobalSection
	GlobalSection(ExtensibilityGlobals) = postSolution
		SolutionGuid = {2EB7FFAC-AF46-42CD-85A3-ACDC7029DE52}
	EndGlobalSection
EndGlobal
